// !$*UTF8*$!
{
	archiveVersion = 1;
	classes = {
	};
	objectVersion = 55;
	objects = {

/* Begin PBXBuildFile section */
		679323AF285D1A2600D18353 /* DormitoryApp.swift in Sources */ = {isa = PBXBuildFile; fileRef = 679323AE285D1A2600D18353 /* DormitoryApp.swift */; };
		679323B1285D1A2600D18353 /* ContentView.swift in Sources */ = {isa = PBXBuildFile; fileRef = 679323B0285D1A2600D18353 /* ContentView.swift */; };
		679323B3285D1A2800D18353 /* Assets.xcassets in Resources */ = {isa = PBXBuildFile; fileRef = 679323B2285D1A2800D18353 /* Assets.xcassets */; };
		679323B6285D1A2800D18353 /* Preview Assets.xcassets in Resources */ = {isa = PBXBuildFile; fileRef = 679323B5285D1A2800D18353 /* Preview Assets.xcassets */; };
		679323C0285D1A2800D18353 /* DormitoryTests.swift in Sources */ = {isa = PBXBuildFile; fileRef = 679323BF285D1A2800D18353 /* DormitoryTests.swift */; };
		679323CA285D1A2900D18353 /* DormitoryUITests.swift in Sources */ = {isa = PBXBuildFile; fileRef = 679323C9285D1A2900D18353 /* DormitoryUITests.swift */; };
		679323CC285D1A2900D18353 /* DormitoryUITestsLaunchTests.swift in Sources */ = {isa = PBXBuildFile; fileRef = 679323CB285D1A2900D18353 /* DormitoryUITestsLaunchTests.swift */; };
		679323D9285D1A6800D18353 /* NavBar.swift in Sources */ = {isa = PBXBuildFile; fileRef = 679323D8285D1A6800D18353 /* NavBar.swift */; };
		679323DC285D1AC500D18353 /* Home.swift in Sources */ = {isa = PBXBuildFile; fileRef = 679323DB285D1AC500D18353 /* Home.swift */; };
		679323DE285D1B0F00D18353 /* PhoneBook.swift in Sources */ = {isa = PBXBuildFile; fileRef = 679323DD285D1B0F00D18353 /* PhoneBook.swift */; };
		679323E0285D1B4300D18353 /* MovingOnUp.swift in Sources */ = {isa = PBXBuildFile; fileRef = 679323DF285D1B4300D18353 /* MovingOnUp.swift */; };
		679323E2285D1B8F00D18353 /* More.swift in Sources */ = {isa = PBXBuildFile; fileRef = 679323E1285D1B8F00D18353 /* More.swift */; };
		67E0C851285D1F1E00833DAF /* "DataBase".swift in Sources */ = {isa = PBXBuildFile; fileRef = 67E0C850285D1F1E00833DAF /* "DataBase".swift */; };
		67E0C854285D574A00833DAF /* Services.swift in Sources */ = {isa = PBXBuildFile; fileRef = 67E0C853285D574A00833DAF /* Services.swift */; };
		67E0C856285D6D3D00833DAF /* NavyDorms.swift in Sources */ = {isa = PBXBuildFile; fileRef = 67E0C855285D6D3D00833DAF /* NavyDorms.swift */; };
		67E0C858285D726800833DAF /* Emer.swift in Sources */ = {isa = PBXBuildFile; fileRef = 67E0C857285D726800833DAF /* Emer.swift */; };
/* End PBXBuildFile section */

/* Begin PBXContainerItemProxy section */
		679323BC285D1A2800D18353 /* PBXContainerItemProxy */ = {
			isa = PBXContainerItemProxy;
			containerPortal = 679323A3285D1A2500D18353 /* Project object */;
			proxyType = 1;
			remoteGlobalIDString = 679323AA285D1A2600D18353;
			remoteInfo = Dormitory;
		};
		679323C6285D1A2900D18353 /* PBXContainerItemProxy */ = {
			isa = PBXContainerItemProxy;
			containerPortal = 679323A3285D1A2500D18353 /* Project object */;
			proxyType = 1;
			remoteGlobalIDString = 679323AA285D1A2600D18353;
			remoteInfo = Dormitory;
		};
/* End PBXContainerItemProxy section */

/* Begin PBXFileReference section */
		679323AB285D1A2600D18353 /* Dormitory.app */ = {isa = PBXFileReference; explicitFileType = wrapper.application; includeInIndex = 0; path = Dormitory.app; sourceTree = BUILT_PRODUCTS_DIR; };
		679323AE285D1A2600D18353 /* DormitoryApp.swift */ = {isa = PBXFileReference; lastKnownFileType = sourcecode.swift; path = DormitoryApp.swift; sourceTree = "<group>"; };
		679323B0285D1A2600D18353 /* ContentView.swift */ = {isa = PBXFileReference; lastKnownFileType = sourcecode.swift; path = ContentView.swift; sourceTree = "<group>"; };
		679323B2285D1A2800D18353 /* Assets.xcassets */ = {isa = PBXFileReference; lastKnownFileType = folder.assetcatalog; path = Assets.xcassets; sourceTree = "<group>"; };
		679323B5285D1A2800D18353 /* Preview Assets.xcassets */ = {isa = PBXFileReference; lastKnownFileType = folder.assetcatalog; path = "Preview Assets.xcassets"; sourceTree = "<group>"; };
		679323BB285D1A2800D18353 /* DormitoryTests.xctest */ = {isa = PBXFileReference; explicitFileType = wrapper.cfbundle; includeInIndex = 0; path = DormitoryTests.xctest; sourceTree = BUILT_PRODUCTS_DIR; };
		679323BF285D1A2800D18353 /* DormitoryTests.swift */ = {isa = PBXFileReference; lastKnownFileType = sourcecode.swift; path = DormitoryTests.swift; sourceTree = "<group>"; };
		679323C5285D1A2900D18353 /* DormitoryUITests.xctest */ = {isa = PBXFileReference; explicitFileType = wrapper.cfbundle; includeInIndex = 0; path = DormitoryUITests.xctest; sourceTree = BUILT_PRODUCTS_DIR; };
		679323C9285D1A2900D18353 /* DormitoryUITests.swift */ = {isa = PBXFileReference; lastKnownFileType = sourcecode.swift; path = DormitoryUITests.swift; sourceTree = "<group>"; };
		679323CB285D1A2900D18353 /* DormitoryUITestsLaunchTests.swift */ = {isa = PBXFileReference; lastKnownFileType = sourcecode.swift; path = DormitoryUITestsLaunchTests.swift; sourceTree = "<group>"; };
		679323D8285D1A6800D18353 /* NavBar.swift */ = {isa = PBXFileReference; lastKnownFileType = sourcecode.swift; path = NavBar.swift; sourceTree = "<group>"; };
		679323DB285D1AC500D18353 /* Home.swift */ = {isa = PBXFileReference; lastKnownFileType = sourcecode.swift; path = Home.swift; sourceTree = "<group>"; };
		679323DD285D1B0F00D18353 /* PhoneBook.swift */ = {isa = PBXFileReference; lastKnownFileType = sourcecode.swift; path = PhoneBook.swift; sourceTree = "<group>"; };
		679323DF285D1B4300D18353 /* MovingOnUp.swift */ = {isa = PBXFileReference; lastKnownFileType = sourcecode.swift; path = MovingOnUp.swift; sourceTree = "<group>"; };
		679323E1285D1B8F00D18353 /* More.swift */ = {isa = PBXFileReference; lastKnownFileType = sourcecode.swift; path = More.swift; sourceTree = "<group>"; };
		67E0C850285D1F1E00833DAF /* "DataBase".swift */ = {isa = PBXFileReference; lastKnownFileType = sourcecode.swift; name = "\"DataBase\".swift"; path = "Nav/\"DataBase\".swift"; sourceTree = "<group>"; };
		67E0C853285D574A00833DAF /* Services.swift */ = {isa = PBXFileReference; lastKnownFileType = sourcecode.swift; path = Services.swift; sourceTree = "<group>"; };
		67E0C855285D6D3D00833DAF /* NavyDorms.swift */ = {isa = PBXFileReference; lastKnownFileType = sourcecode.swift; path = NavyDorms.swift; sourceTree = "<group>"; };
		67E0C857285D726800833DAF /* Emer.swift */ = {isa = PBXFileReference; lastKnownFileType = sourcecode.swift; path = Emer.swift; sourceTree = "<group>"; };
/* End PBXFileReference section */

/* Begin PBXFrameworksBuildPhase section */
		679323A8285D1A2600D18353 /* Frameworks */ = {
			isa = PBXFrameworksBuildPhase;
			buildActionMask = 2147483647;
			files = (
			);
			runOnlyForDeploymentPostprocessing = 0;
		};
		679323B8285D1A2800D18353 /* Frameworks */ = {
			isa = PBXFrameworksBuildPhase;
			buildActionMask = 2147483647;
			files = (
			);
			runOnlyForDeploymentPostprocessing = 0;
		};
		679323C2285D1A2900D18353 /* Frameworks */ = {
			isa = PBXFrameworksBuildPhase;
			buildActionMask = 2147483647;
			files = (
			);
			runOnlyForDeploymentPostprocessing = 0;
		};
/* End PBXFrameworksBuildPhase section */

/* Begin PBXGroup section */
		679323A2285D1A2500D18353 = {
			isa = PBXGroup;
			children = (
				679323AD285D1A2600D18353 /* Dormitory */,
				679323BE285D1A2800D18353 /* DormitoryTests */,
				679323C8285D1A2900D18353 /* DormitoryUITests */,
				679323AC285D1A2600D18353 /* Products */,
			);
			sourceTree = "<group>";
		};
		679323AC285D1A2600D18353 /* Products */ = {
			isa = PBXGroup;
			children = (
				679323AB285D1A2600D18353 /* Dormitory.app */,
				679323BB285D1A2800D18353 /* DormitoryTests.xctest */,
				679323C5285D1A2900D18353 /* DormitoryUITests.xctest */,
			);
			name = Products;
			sourceTree = "<group>";
		};
		679323AD285D1A2600D18353 /* Dormitory */ = {
			isa = PBXGroup;
			children = (
				67E0C850285D1F1E00833DAF /* "DataBase".swift */,
				679323AE285D1A2600D18353 /* DormitoryApp.swift */,
				679323D8285D1A6800D18353 /* NavBar.swift */,
				679323DA285D1AB100D18353 /* Nav */,
				67E0C852285D571E00833DAF /* mainxPath */,
				679323B0285D1A2600D18353 /* ContentView.swift */,
				679323B2285D1A2800D18353 /* Assets.xcassets */,
				679323B4285D1A2800D18353 /* Preview Content */,
			);
			path = Dormitory;
			sourceTree = "<group>";
		};
		679323B4285D1A2800D18353 /* Preview Content */ = {
			isa = PBXGroup;
			children = (
				679323B5285D1A2800D18353 /* Preview Assets.xcassets */,
			);
			path = "Preview Content";
			sourceTree = "<group>";
		};
		679323BE285D1A2800D18353 /* DormitoryTests */ = {
			isa = PBXGroup;
			children = (
				679323BF285D1A2800D18353 /* DormitoryTests.swift */,
			);
			path = DormitoryTests;
			sourceTree = "<group>";
		};
		679323C8285D1A2900D18353 /* DormitoryUITests */ = {
			isa = PBXGroup;
			children = (
				679323C9285D1A2900D18353 /* DormitoryUITests.swift */,
				679323CB285D1A2900D18353 /* DormitoryUITestsLaunchTests.swift */,
			);
			path = DormitoryUITests;
			sourceTree = "<group>";
		};
		679323DA285D1AB100D18353 /* Nav */ = {
			isa = PBXGroup;
			children = (
				679323DB285D1AC500D18353 /* Home.swift */,
				679323DD285D1B0F00D18353 /* PhoneBook.swift */,
				679323DF285D1B4300D18353 /* MovingOnUp.swift */,
				679323E1285D1B8F00D18353 /* More.swift */,
			);
			path = Nav;
			sourceTree = "<group>";
		};
		67E0C852285D571E00833DAF /* mainxPath */ = {
			isa = PBXGroup;
			children = (
				67E0C853285D574A00833DAF /* Services.swift */,
				67E0C855285D6D3D00833DAF /* NavyDorms.swift */,
				67E0C857285D726800833DAF /* Emer.swift */,
			);
			path = mainxPath;
			sourceTree = "<group>";
		};
/* End PBXGroup section */

/* Begin PBXNativeTarget section */
		679323AA285D1A2600D18353 /* Dormitory */ = {
			isa = PBXNativeTarget;
			buildConfigurationList = 679323CF285D1A2900D18353 /* Build configuration list for PBXNativeTarget "Dormitory" */;
			buildPhases = (
				679323A7285D1A2600D18353 /* Sources */,
				679323A8285D1A2600D18353 /* Frameworks */,
				679323A9285D1A2600D18353 /* Resources */,
			);
			buildRules = (
			);
			dependencies = (
			);
			name = Dormitory;
			productName = Dormitory;
			productReference = 679323AB285D1A2600D18353 /* Dormitory.app */;
			productType = "com.apple.product-type.application";
		};
		679323BA285D1A2800D18353 /* DormitoryTests */ = {
			isa = PBXNativeTarget;
			buildConfigurationList = 679323D2285D1A2900D18353 /* Build configuration list for PBXNativeTarget "DormitoryTests" */;
			buildPhases = (
				679323B7285D1A2800D18353 /* Sources */,
				679323B8285D1A2800D18353 /* Frameworks */,
				679323B9285D1A2800D18353 /* Resources */,
			);
			buildRules = (
			);
			dependencies = (
				679323BD285D1A2800D18353 /* PBXTargetDependency */,
			);
			name = DormitoryTests;
			productName = DormitoryTests;
			productReference = 679323BB285D1A2800D18353 /* DormitoryTests.xctest */;
			productType = "com.apple.product-type.bundle.unit-test";
		};
		679323C4285D1A2900D18353 /* DormitoryUITests */ = {
			isa = PBXNativeTarget;
			buildConfigurationList = 679323D5285D1A2900D18353 /* Build configuration list for PBXNativeTarget "DormitoryUITests" */;
			buildPhases = (
				679323C1285D1A2900D18353 /* Sources */,
				679323C2285D1A2900D18353 /* Frameworks */,
				679323C3285D1A2900D18353 /* Resources */,
			);
			buildRules = (
			);
			dependencies = (
				679323C7285D1A2900D18353 /* PBXTargetDependency */,
			);
			name = DormitoryUITests;
			productName = DormitoryUITests;
			productReference = 679323C5285D1A2900D18353 /* DormitoryUITests.xctest */;
			productType = "com.apple.product-type.bundle.ui-testing";
		};
/* End PBXNativeTarget section */

/* Begin PBXProject section */
		679323A3285D1A2500D18353 /* Project object */ = {
			isa = PBXProject;
			attributes = {
				BuildIndependentTargetsInParallel = 1;
				LastSwiftUpdateCheck = 1340;
				LastUpgradeCheck = 1340;
				TargetAttributes = {
					679323AA285D1A2600D18353 = {
						CreatedOnToolsVersion = 13.4.1;
					};
					679323BA285D1A2800D18353 = {
						CreatedOnToolsVersion = 13.4.1;
						TestTargetID = 679323AA285D1A2600D18353;
					};
					679323C4285D1A2900D18353 = {
						CreatedOnToolsVersion = 13.4.1;
						TestTargetID = 679323AA285D1A2600D18353;
					};
				};
			};
			buildConfigurationList = 679323A6285D1A2500D18353 /* Build configuration list for PBXProject "Dormitory" */;
			compatibilityVersion = "Xcode 13.0";
			developmentRegion = en;
			hasScannedForEncodings = 0;
			knownRegions = (
				en,
				Base,
			);
			mainGroup = 679323A2285D1A2500D18353;
			productRefGroup = 679323AC285D1A2600D18353 /* Products */;
			projectDirPath = "";
			projectRoot = "";
			targets = (
				679323AA285D1A2600D18353 /* Dormitory */,
				679323BA285D1A2800D18353 /* DormitoryTests */,
				679323C4285D1A2900D18353 /* DormitoryUITests */,
			);
		};
/* End PBXProject section */

/* Begin PBXResourcesBuildPhase section */
		679323A9285D1A2600D18353 /* Resources */ = {
			isa = PBXResourcesBuildPhase;
			buildActionMask = 2147483647;
			files = (
				679323B6285D1A2800D18353 /* Preview Assets.xcassets in Resources */,
				679323B3285D1A2800D18353 /* Assets.xcassets in Resources */,
			);
			runOnlyForDeploymentPostprocessing = 0;
		};
		679323B9285D1A2800D18353 /* Resources */ = {
			isa = PBXResourcesBuildPhase;
			buildActionMask = 2147483647;
			files = (
			);
			runOnlyForDeploymentPostprocessing = 0;
		};
		679323C3285D1A2900D18353 /* Resources */ = {
			isa = PBXResourcesBuildPhase;
			buildActionMask = 2147483647;
			files = (
			);
			runOnlyForDeploymentPostprocessing = 0;
		};
/* End PBXResourcesBuildPhase section */

/* Begin PBXSourcesBuildPhase section */
		679323A7285D1A2600D18353 /* Sources */ = {
			isa = PBXSourcesBuildPhase;
			buildActionMask = 2147483647;
			files = (
				679323B1285D1A2600D18353 /* ContentView.swift in Sources */,
				679323AF285D1A2600D18353 /* DormitoryApp.swift in Sources */,
				679323DC285D1AC500D18353 /* Home.swift in Sources */,
				67E0C856285D6D3D00833DAF /* NavyDorms.swift in Sources */,
				679323DE285D1B0F00D18353 /* PhoneBook.swift in Sources */,
				67E0C851285D1F1E00833DAF /* "DataBase".swift in Sources */,
				679323E2285D1B8F00D18353 /* More.swift in Sources */,
				67E0C854285D574A00833DAF /* Services.swift in Sources */,
				67E0C858285D726800833DAF /* Emer.swift in Sources */,
				679323D9285D1A6800D18353 /* NavBar.swift in Sources */,
				679323E0285D1B4300D18353 /* MovingOnUp.swift in Sources */,
			);
			runOnlyForDeploymentPostprocessing = 0;
		};
		679323B7285D1A2800D18353 /* Sources */ = {
			isa = PBXSourcesBuildPhase;
			buildActionMask = 2147483647;
			files = (
				679323C0285D1A2800D18353 /* DormitoryTests.swift in Sources */,
			);
			runOnlyForDeploymentPostprocessing = 0;
		};
		679323C1285D1A2900D18353 /* Sources */ = {
			isa = PBXSourcesBuildPhase;
			buildActionMask = 2147483647;
			files = (
				679323CC285D1A2900D18353 /* DormitoryUITestsLaunchTests.swift in Sources */,
				679323CA285D1A2900D18353 /* DormitoryUITests.swift in Sources */,
			);
			runOnlyForDeploymentPostprocessing = 0;
		};
/* End PBXSourcesBuildPhase section */

/* Begin PBXTargetDependency section */
		679323BD285D1A2800D18353 /* PBXTargetDependency */ = {
			isa = PBXTargetDependency;
			target = 679323AA285D1A2600D18353 /* Dormitory */;
			targetProxy = 679323BC285D1A2800D18353 /* PBXContainerItemProxy */;
		};
		679323C7285D1A2900D18353 /* PBXTargetDependency */ = {
			isa = PBXTargetDependency;
			target = 679323AA285D1A2600D18353 /* Dormitory */;
			targetProxy = 679323C6285D1A2900D18353 /* PBXContainerItemProxy */;
		};
/* End PBXTargetDependency section */

/* Begin XCBuildConfiguration section */
		679323CD285D1A2900D18353 /* Debug */ = {
			isa = XCBuildConfiguration;
			buildSettings = {
				ALWAYS_SEARCH_USER_PATHS = NO;
				CLANG_ANALYZER_NONNULL = YES;
				CLANG_ANALYZER_NUMBER_OBJECT_CONVERSION = YES_AGGRESSIVE;
				CLANG_CXX_LANGUAGE_STANDARD = "gnu++17";
				CLANG_ENABLE_MODULES = YES;
				CLANG_ENABLE_OBJC_ARC = YES;
				CLANG_ENABLE_OBJC_WEAK = YES;
				CLANG_WARN_BLOCK_CAPTURE_AUTORELEASING = YES;
				CLANG_WARN_BOOL_CONVERSION = YES;
				CLANG_WARN_COMMA = YES;
				CLANG_WARN_CONSTANT_CONVERSION = YES;
				CLANG_WARN_DEPRECATED_OBJC_IMPLEMENTATIONS = YES;
				CLANG_WARN_DIRECT_OBJC_ISA_USAGE = YES_ERROR;
				CLANG_WARN_DOCUMENTATION_COMMENTS = YES;
				CLANG_WARN_EMPTY_BODY = YES;
				CLANG_WARN_ENUM_CONVERSION = YES;
				CLANG_WARN_INFINITE_RECURSION = YES;
				CLANG_WARN_INT_CONVERSION = YES;
				CLANG_WARN_NON_LITERAL_NULL_CONVERSION = YES;
				CLANG_WARN_OBJC_IMPLICIT_RETAIN_SELF = YES;
				CLANG_WARN_OBJC_LITERAL_CONVERSION = YES;
				CLANG_WARN_OBJC_ROOT_CLASS = YES_ERROR;
				CLANG_WARN_QUOTED_INCLUDE_IN_FRAMEWORK_HEADER = YES;
				CLANG_WARN_RANGE_LOOP_ANALYSIS = YES;
				CLANG_WARN_STRICT_PROTOTYPES = YES;
				CLANG_WARN_SUSPICIOUS_MOVE = YES;
				CLANG_WARN_UNGUARDED_AVAILABILITY = YES_AGGRESSIVE;
				CLANG_WARN_UNREACHABLE_CODE = YES;
				CLANG_WARN__DUPLICATE_METHOD_MATCH = YES;
				COPY_PHASE_STRIP = NO;
				DEBUG_INFORMATION_FORMAT = dwarf;
				ENABLE_STRICT_OBJC_MSGSEND = YES;
				ENABLE_TESTABILITY = YES;
				GCC_C_LANGUAGE_STANDARD = gnu11;
				GCC_DYNAMIC_NO_PIC = NO;
				GCC_NO_COMMON_BLOCKS = YES;
				GCC_OPTIMIZATION_LEVEL = 0;
				GCC_PREPROCESSOR_DEFINITIONS = (
					"DEBUG=1",
					"$(inherited)",
				);
				GCC_WARN_64_TO_32_BIT_CONVERSION = YES;
				GCC_WARN_ABOUT_RETURN_TYPE = YES_ERROR;
				GCC_WARN_UNDECLARED_SELECTOR = YES;
				GCC_WARN_UNINITIALIZED_AUTOS = YES_AGGRESSIVE;
				GCC_WARN_UNUSED_FUNCTION = YES;
				GCC_WARN_UNUSED_VARIABLE = YES;
				IPHONEOS_DEPLOYMENT_TARGET = 15.5;
				MTL_ENABLE_DEBUG_INFO = INCLUDE_SOURCE;
				MTL_FAST_MATH = YES;
				ONLY_ACTIVE_ARCH = YES;
				SDKROOT = iphoneos;
				SWIFT_ACTIVE_COMPILATION_CONDITIONS = DEBUG;
				SWIFT_OPTIMIZATION_LEVEL = "-Onone";
			};
			name = Debug;
		};
		679323CE285D1A2900D18353 /* Release */ = {
			isa = XCBuildConfiguration;
			buildSettings = {
				ALWAYS_SEARCH_USER_PATHS = NO;
				CLANG_ANALYZER_NONNULL = YES;
				CLANG_ANALYZER_NUMBER_OBJECT_CONVERSION = YES_AGGRESSIVE;
				CLANG_CXX_LANGUAGE_STANDARD = "gnu++17";
				CLANG_ENABLE_MODULES = YES;
				CLANG_ENABLE_OBJC_ARC = YES;
				CLANG_ENABLE_OBJC_WEAK = YES;
				CLANG_WARN_BLOCK_CAPTURE_AUTORELEASING = YES;
				CLANG_WARN_BOOL_CONVERSION = YES;
				CLANG_WARN_COMMA = YES;
				CLANG_WARN_CONSTANT_CONVERSION = YES;
				CLANG_WARN_DEPRECATED_OBJC_IMPLEMENTATIONS = YES;
				CLANG_WARN_DIRECT_OBJC_ISA_USAGE = YES_ERROR;
				CLANG_WARN_DOCUMENTATION_COMMENTS = YES;
				CLANG_WARN_EMPTY_BODY = YES;
				CLANG_WARN_ENUM_CONVERSION = YES;
				CLANG_WARN_INFINITE_RECURSION = YES;
				CLANG_WARN_INT_CONVERSION = YES;
				CLANG_WARN_NON_LITERAL_NULL_CONVERSION = YES;
				CLANG_WARN_OBJC_IMPLICIT_RETAIN_SELF = YES;
				CLANG_WARN_OBJC_LITERAL_CONVERSION = YES;
				CLANG_WARN_OBJC_ROOT_CLASS = YES_ERROR;
				CLANG_WARN_QUOTED_INCLUDE_IN_FRAMEWORK_HEADER = YES;
				CLANG_WARN_RANGE_LOOP_ANALYSIS = YES;
				CLANG_WARN_STRICT_PROTOTYPES = YES;
				CLANG_WARN_SUSPICIOUS_MOVE = YES;
				CLANG_WARN_UNGUARDED_AVAILABILITY = YES_AGGRESSIVE;
				CLANG_WARN_UNREACHABLE_CODE = YES;
				CLANG_WARN__DUPLICATE_METHOD_MATCH = YES;
				COPY_PHASE_STRIP = NO;
				DEBUG_INFORMATION_FORMAT = "dwarf-with-dsym";
				ENABLE_NS_ASSERTIONS = NO;
				ENABLE_STRICT_OBJC_MSGSEND = YES;
				GCC_C_LANGUAGE_STANDARD = gnu11;
				GCC_NO_COMMON_BLOCKS = YES;
				GCC_WARN_64_TO_32_BIT_CONVERSION = YES;
				GCC_WARN_ABOUT_RETURN_TYPE = YES_ERROR;
				GCC_WARN_UNDECLARED_SELECTOR = YES;
				GCC_WARN_UNINITIALIZED_AUTOS = YES_AGGRESSIVE;
				GCC_WARN_UNUSED_FUNCTION = YES;
				GCC_WARN_UNUSED_VARIABLE = YES;
				IPHONEOS_DEPLOYMENT_TARGET = 15.5;
				MTL_ENABLE_DEBUG_INFO = NO;
				MTL_FAST_MATH = YES;
				SDKROOT = iphoneos;
				SWIFT_COMPILATION_MODE = wholemodule;
				SWIFT_OPTIMIZATION_LEVEL = "-O";
				VALIDATE_PRODUCT = YES;
			};
			name = Release;
		};
		679323D0285D1A2900D18353 /* Debug */ = {
			isa = XCBuildConfiguration;
			buildSettings = {
				ASSETCATALOG_COMPILER_APPICON_NAME = AppIcon;
				ASSETCATALOG_COMPILER_GLOBAL_ACCENT_COLOR_NAME = AccentColor;
				CODE_SIGN_STYLE = Automatic;
				CURRENT_PROJECT_VERSION = 1;
				DEVELOPMENT_ASSET_PATHS = "\"Dormitory/Preview Content\"";
				DEVELOPMENT_TEAM = ZL7P8P79UA;
				ENABLE_PREVIEWS = YES;
				GENERATE_INFOPLIST_FILE = YES;
				INFOPLIST_KEY_UIApplicationSceneManifest_Generation = YES;
				INFOPLIST_KEY_UIApplicationSupportsIndirectInputEvents = YES;
				INFOPLIST_KEY_UILaunchScreen_Generation = YES;
				INFOPLIST_KEY_UISupportedInterfaceOrientations_iPad = "UIInterfaceOrientationPortrait UIInterfaceOrientationPortraitUpsideDown UIInterfaceOrientationLandscapeLeft UIInterfaceOrientationLandscapeRight";
				INFOPLIST_KEY_UISupportedInterfaceOrientations_iPhone = "UIInterfaceOrientationPortrait UIInterfaceOrientationLandscapeLeft UIInterfaceOrientationLandscapeRight";
				LD_RUNPATH_SEARCH_PATHS = (
					"$(inherited)",
					"@executable_path/Frameworks",
				);
				MARKETING_VERSION = 1.0;
				PRODUCT_BUNDLE_IDENTIFIER = AaronMRamirez.Dormitory;
				PRODUCT_NAME = "$(TARGET_NAME)";
				SWIFT_EMIT_LOC_STRINGS = YES;
				SWIFT_VERSION = 5.0;
				TARGETED_DEVICE_FAMILY = "1,2";
			};
			name = Debug;
		};
		679323D1285D1A2900D18353 /* Release */ = {
			isa = XCBuildConfiguration;
			buildSettings = {
				ASSETCATALOG_COMPILER_APPICON_NAME = AppIcon;
				ASSETCATALOG_COMPILER_GLOBAL_ACCENT_COLOR_NAME = AccentColor;
				CODE_SIGN_STYLE = Automatic;
				CURRENT_PROJECT_VERSION = 1;
				DEVELOPMENT_ASSET_PATHS = "\"Dormitory/Preview Content\"";
				DEVELOPMENT_TEAM = ZL7P8P79UA;
				ENABLE_PREVIEWS = YES;
				GENERATE_INFOPLIST_FILE = YES;
				INFOPLIST_KEY_UIApplicationSceneManifest_Generation = YES;
				INFOPLIST_KEY_UIApplicationSupportsIndirectInputEvents = YES;
				INFOPLIST_KEY_UILaunchScreen_Generation = YES;
				INFOPLIST_KEY_UISupportedInterfaceOrientations_iPad = "UIInterfaceOrientationPortrait UIInterfaceOrientationPortraitUpsideDown UIInterfaceOrientationLandscapeLeft UIInterfaceOrientationLandscapeRight";
				INFOPLIST_KEY_UISupportedInterfaceOrientations_iPhone = "UIInterfaceOrientationPortrait UIInterfaceOrientationLandscapeLeft UIInterfaceOrientationLandscapeRight";
				LD_RUNPATH_SEARCH_PATHS = (
					"$(inherited)",
					"@executable_path/Frameworks",
				);
				MARKETING_VERSION = 1.0;
				PRODUCT_BUNDLE_IDENTIFIER = AaronMRamirez.Dormitory;
				PRODUCT_NAME = "$(TARGET_NAME)";
				SWIFT_EMIT_LOC_STRINGS = YES;
				SWIFT_VERSION = 5.0;
				TARGETED_DEVICE_FAMILY = "1,2";
			};
			name = Release;
		};
		679323D3285D1A2900D18353 /* Debug */ = {
			isa = XCBuildConfiguration;
			buildSettings = {
				ALWAYS_EMBED_SWIFT_STANDARD_LIBRARIES = YES;
				BUNDLE_LOADER = "$(TEST_HOST)";
				CODE_SIGN_STYLE = Automatic;
				CURRENT_PROJECT_VERSION = 1;
				GENERATE_INFOPLIST_FILE = YES;
				IPHONEOS_DEPLOYMENT_TARGET = 15.5;
				MARKETING_VERSION = 1.0;
				PRODUCT_BUNDLE_IDENTIFIER = AaronMRamirez.DormitoryTests;
				PRODUCT_NAME = "$(TARGET_NAME)";
				SWIFT_EMIT_LOC_STRINGS = NO;
				SWIFT_VERSION = 5.0;
				TARGETED_DEVICE_FAMILY = "1,2";
				TEST_HOST = "$(BUILT_PRODUCTS_DIR)/Dormitory.app/Dormitory";
			};
			name = Debug;
		};
		679323D4285D1A2900D18353 /* Release */ = {
			isa = XCBuildConfiguration;
			buildSettings = {
				ALWAYS_EMBED_SWIFT_STANDARD_LIBRARIES = YES;
				BUNDLE_LOADER = "$(TEST_HOST)";
				CODE_SIGN_STYLE = Automatic;
				CURRENT_PROJECT_VERSION = 1;
				GENERATE_INFOPLIST_FILE = YES;
				IPHONEOS_DEPLOYMENT_TARGET = 15.5;
				MARKETING_VERSION = 1.0;
				PRODUCT_BUNDLE_IDENTIFIER = AaronMRamirez.DormitoryTests;
				PRODUCT_NAME = "$(TARGET_NAME)";
				SWIFT_EMIT_LOC_STRINGS = NO;
				SWIFT_VERSION = 5.0;
				TARGETED_DEVICE_FAMILY = "1,2";
				TEST_HOST = "$(BUILT_PRODUCTS_DIR)/Dormitory.app/Dormitory";
			};
			name = Release;
		};
		679323D6285D1A2900D18353 /* Debug */ = {
			isa = XCBuildConfiguration;
			buildSettings = {
				ALWAYS_EMBED_SWIFT_STANDARD_LIBRARIES = YES;
				CODE_SIGN_STYLE = Automatic;
				CURRENT_PROJECT_VERSION = 1;
				GENERATE_INFOPLIST_FILE = YES;
				MARKETING_VERSION = 1.0;
				PRODUCT_BUNDLE_IDENTIFIER = AaronMRamirez.DormitoryUITests;
				PRODUCT_NAME = "$(TARGET_NAME)";
				SWIFT_EMIT_LOC_STRINGS = NO;
				SWIFT_VERSION = 5.0;
				TARGETED_DEVICE_FAMILY = "1,2";
				TEST_TARGET_NAME = Dormitory;
			};
			name = Debug;
		};
		679323D7285D1A2900D18353 /* Release */ = {
			isa = XCBuildConfiguration;
			buildSettings = {
				ALWAYS_EMBED_SWIFT_STANDARD_LIBRARIES = YES;
				CODE_SIGN_STYLE = Automatic;
				CURRENT_PROJECT_VERSION = 1;
				GENERATE_INFOPLIST_FILE = YES;
				MARKETING_VERSION = 1.0;
				PRODUCT_BUNDLE_IDENTIFIER = AaronMRamirez.DormitoryUITests;
				PRODUCT_NAME = "$(TARGET_NAME)";
				SWIFT_EMIT_LOC_STRINGS = NO;
				SWIFT_VERSION = 5.0;
				TARGETED_DEVICE_FAMILY = "1,2";
				TEST_TARGET_NAME = Dormitory;
			};
			name = Release;
		};
/* End XCBuildConfiguration section */

/* Begin XCConfigurationList section */
		679323A6285D1A2500D18353 /* Build configuration list for PBXProject "Dormitory" */ = {
			isa = XCConfigurationList;
			buildConfigurations = (
				679323CD285D1A2900D18353 /* Debug */,
				679323CE285D1A2900D18353 /* Release */,
			);
			defaultConfigurationIsVisible = 0;
			defaultConfigurationName = Release;
		};
		679323CF285D1A2900D18353 /* Build configuration list for PBXNativeTarget "Dormitory" */ = {
			isa = XCConfigurationList;
			buildConfigurations = (
				679323D0285D1A2900D18353 /* Debug */,
				679323D1285D1A2900D18353 /* Release */,
			);
			defaultConfigurationIsVisible = 0;
			defaultConfigurationName = Release;
		};
		679323D2285D1A2900D18353 /* Build configuration list for PBXNativeTarget "DormitoryTests" */ = {
			isa = XCConfigurationList;
			buildConfigurations = (
				679323D3285D1A2900D18353 /* Debug */,
				679323D4285D1A2900D18353 /* Release */,
			);
			defaultConfigurationIsVisible = 0;
			defaultConfigurationName = Release;
		};
		679323D5285D1A2900D18353 /* Build configuration list for PBXNativeTarget "DormitoryUITests" */ = {
			isa = XCConfigurationList;
			buildConfigurations = (
				679323D6285D1A2900D18353 /* Debug */,
				679323D7285D1A2900D18353 /* Release */,
			);
			defaultConfigurationIsVisible = 0;
			defaultConfigurationName = Release;
		};
/* End XCConfigurationList section */
	};
	rootObject = 679323A3285D1A2500D18353 /* Project object */;
}
